<?xml version="1.0" encoding="utf-8"?>
<Project ToolsVersion="4.0" xmlns="http://schemas.microsoft.com/developer/msbuild/2003">
  <ItemGroup>
    <Filter Include="源文件">
      <UniqueIdentifier>{4FC737F1-C7A5-4376-A066-2A32D752A2FF}</UniqueIdentifier>
      <Extensions>cpp;c;cc;cxx;c++;cppm;ixx;def;odl;idl;hpj;bat;asm;asmx</Extensions>
    </Filter>
    <Filter Include="头文件">
      <UniqueIdentifier>{93995380-89BD-4b04-88EB-625FBE52EBFB}</UniqueIdentifier>
      <Extensions>h;hh;hpp;hxx;h++;hm;inl;inc;ipp;xsd</Extensions>
    </Filter>
    <Filter Include="资源文件">
      <UniqueIdentifier>{67DA6AB6-F800-4c08-8B7A-83BB121AAD01}</UniqueIdentifier>
      <Extensions>rc;ico;cur;bmp;dlg;rc2;rct;bin;rgs;gif;jpg;jpeg;jpe;resx;tiff;tif;png;wav;mfcribbon-ms</Extensions>
    </Filter>
  </ItemGroup>
  <ItemGroup>
    <ClCompile Include="指针.cpp">
      <Filter>源文件</Filter>
    </ClCompile>
    <ClCompile Include="password level.cpp">
      <Filter>源文件</Filter>
    </ClCompile>
    <ClCompile Include="求最大连续bit数.cpp">
      <Filter>源文件</Filter>
    </ClCompile>
    <ClCompile Include="数组中删除元素.cpp">
      <Filter>源文件</Filter>
    </ClCompile>
    <ClCompile Include="数组中插入元素.cpp">
      <Filter>源文件</Filter>
    </ClCompile>
    <ClCompile Include="求数组中长度为n的和为偶数子序列的个数.cpp">
      <Filter>源文件</Filter>
    </ClCompile>
    <ClCompile Include="回文数1.cpp">
      <Filter>源文件</Filter>
    </ClCompile>
    <ClCompile Include="哈希表myhash_test.cpp">
      <Filter>源文件</Filter>
    </ClCompile>
    <ClCompile Include="时间复杂度.cpp">
      <Filter>源文件</Filter>
    </ClCompile>
    <ClCompile Include="测试框架.cpp">
      <Filter>源文件</Filter>
    </ClCompile>
    <ClCompile Include="LeetCode刷题\LeetCode第二题两数相加.cpp">
      <Filter>源文件</Filter>
    </ClCompile>
    <ClCompile Include="LeetCode刷题\LeetCode第七题整数反转_考虑范围.cpp">
      <Filter>源文件</Filter>
    </ClCompile>
    <ClCompile Include="LeetCode刷题\LeetCode第三题无重复字符的最长子串.cpp">
      <Filter>源文件</Filter>
    </ClCompile>
    <ClCompile Include="LeetCode刷题\LeetCode第一题两数之和.cpp">
      <Filter>源文件</Filter>
    </ClCompile>
    <ClCompile Include="LeetCode刷题\4寻找两个正序数组的中位数（困难）.cpp">
      <Filter>源文件</Filter>
    </ClCompile>
    <ClCompile Include="LeetCode刷题\5最长回文子串.cpp">
      <Filter>源文件</Filter>
    </ClCompile>
    <ClCompile Include="LeetCode刷题\6_Z字形变换.cpp">
      <Filter>源文件</Filter>
    </ClCompile>
    <ClCompile Include="LeetCode刷题\8_字符串转换为整数（atoi）.cpp">
      <Filter>源文件</Filter>
    </ClCompile>
    <ClCompile Include="正则表达式match.cpp">
      <Filter>源文件</Filter>
    </ClCompile>
    <ClCompile Include="华为机试\17坐标移动.cpp">
      <Filter>源文件</Filter>
    </ClCompile>
    <ClCompile Include="LeetCode刷题\11盛最多水的容器_双指针.cpp">
      <Filter>源文件</Filter>
    </ClCompile>
    <ClCompile Include="LeetCode刷题\94二叉树的中序遍历.cpp">
      <Filter>源文件</Filter>
    </ClCompile>
    <ClCompile Include="LeetCode刷题\17电话号码的字母组合.cpp">
      <Filter>源文件</Filter>
    </ClCompile>
    <ClCompile Include="LeetCode刷题\375猜数字游戏II.cpp">
      <Filter>源文件</Filter>
    </ClCompile>
    <ClCompile Include="LeetCode刷题\22括号生成.cpp">
      <Filter>源文件</Filter>
    </ClCompile>
  </ItemGroup>
  <ItemGroup>
    <ClInclude Include="哈希表myhash.h">
      <Filter>头文件</Filter>
    </ClInclude>
  </ItemGroup>
</Project>