<?xml version="1.0" encoding="utf-8"?>
<Project ToolsVersion="4.0" xmlns="http://schemas.microsoft.com/developer/msbuild/2003">
  <ItemGroup>
    <Filter Include="源文件">
      <UniqueIdentifier>{4FC737F1-C7A5-4376-A066-2A32D752A2FF}</UniqueIdentifier>
      <Extensions>cpp;c;cc;cxx;c++;cppm;ixx;def;odl;idl;hpj;bat;asm;asmx</Extensions>
    </Filter>
    <Filter Include="头文件">
      <UniqueIdentifier>{93995380-89BD-4b04-88EB-625FBE52EBFB}</UniqueIdentifier>
      <Extensions>h;hh;hpp;hxx;h++;hm;inl;inc;ipp;xsd</Extensions>
    </Filter>
    <Filter Include="资源文件">
      <UniqueIdentifier>{67DA6AB6-F800-4c08-8B7A-83BB121AAD01}</UniqueIdentifier>
      <Extensions>rc;ico;cur;bmp;dlg;rc2;rct;bin;rgs;gif;jpg;jpeg;jpe;resx;tiff;tif;png;wav;mfcribbon-ms</Extensions>
    </Filter>
  </ItemGroup>
  <ItemGroup>
    <ClCompile Include="指针.cpp">
      <Filter>源文件</Filter>
    </ClCompile>
    <ClCompile Include="password level.cpp">
      <Filter>源文件</Filter>
    </ClCompile>
    <ClCompile Include="求最大连续bit数.cpp">
      <Filter>源文件</Filter>
    </ClCompile>
    <ClCompile Include="数组中删除元素.cpp">
      <Filter>源文件</Filter>
    </ClCompile>
    <ClCompile Include="数组中插入元素.cpp">
      <Filter>源文件</Filter>
    </ClCompile>
    <ClCompile Include="求数组中长度为n的和为偶数子序列的个数.cpp">
      <Filter>源文件</Filter>
    </ClCompile>
    <ClCompile Include="回文数1.cpp">
      <Filter>源文件</Filter>
    </ClCompile>
    <ClCompile Include="哈希表myhash_test.cpp">
      <Filter>源文件</Filter>
    </ClCompile>
    <ClCompile Include="时间复杂度.cpp">
      <Filter>源文件</Filter>
    </ClCompile>
    <ClCompile Include="测试框架.cpp">
      <Filter>源文件</Filter>
    </ClCompile>
    <ClCompile Include="LeetCode刷题\LeetCode第二题两数相加.cpp">
      <Filter>源文件</Filter>
    </ClCompile>
    <ClCompile Include="LeetCode刷题\LeetCode第七题整数反转_考虑范围.cpp">
      <Filter>源文件</Filter>
    </ClCompile>
    <ClCompile Include="LeetCode刷题\LeetCode第三题无重复字符的最长子串.cpp">
      <Filter>源文件</Filter>
    </ClCompile>
    <ClCompile Include="LeetCode刷题\LeetCode第一题两数之和.cpp">
      <Filter>源文件</Filter>
    </ClCompile>
    <ClCompile Include="LeetCode刷题\4寻找两个正序数组的中位数（困难）.cpp">
      <Filter>源文件</Filter>
    </ClCompile>
    <ClCompile Include="LeetCode刷题\5最长回文子串.cpp">
      <Filter>源文件</Filter>
    </ClCompile>
    <ClCompile Include="LeetCode刷题\6_Z字形变换.cpp">
      <Filter>源文件</Filter>
    </ClCompile>
    <ClCompile Include="LeetCode刷题\8_字符串转换为整数（atoi）.cpp">
      <Filter>源文件</Filter>
    </ClCompile>
    <ClCompile Include="正则表达式match.cpp">
      <Filter>源文件</Filter>
    </ClCompile>
    <ClCompile Include="华为机试\17坐标移动.cpp">
      <Filter>源文件</Filter>
    </ClCompile>
    <ClCompile Include="LeetCode刷题\11盛最多水的容器_双指针.cpp">
      <Filter>源文件</Filter>
    </ClCompile>
    <ClCompile Include="LeetCode刷题\94二叉树的中序遍历.cpp">
      <Filter>源文件</Filter>
    </ClCompile>
    <ClCompile Include="LeetCode刷题\17电话号码的字母组合.cpp">
      <Filter>源文件</Filter>
    </ClCompile>
    <ClCompile Include="LeetCode刷题\375猜数字游戏II.cpp">
      <Filter>源文件</Filter>
    </ClCompile>
    <ClCompile Include="LeetCode刷题\22括号生成.cpp">
      <Filter>源文件</Filter>
    </ClCompile>
    <ClCompile Include="LeetCode刷题\10正则表达式匹配（困难）.cpp">
      <Filter>源文件</Filter>
    </ClCompile>
    <ClCompile Include="LeetCode刷题\18四数之和.cpp">
      <Filter>源文件</Filter>
    </ClCompile>
    <ClCompile Include="LeetCode刷题\520检测大写字母.cpp">
      <Filter>源文件</Filter>
    </ClCompile>
    <ClCompile Include="LeetCode刷题\20有效的括号组合_简单_哈希+栈.cpp">
      <Filter>源文件</Filter>
    </ClCompile>
    <ClCompile Include="LeetCode刷题\144二叉树的前序遍历——递归法和栈实现.cpp">
      <Filter>源文件</Filter>
    </ClCompile>
    <ClCompile Include="LeetCode刷题\145二叉树的后序遍历.cpp">
      <Filter>源文件</Filter>
    </ClCompile>
    <ClCompile Include="LeetCode刷题\102二叉树数的层序遍历.cpp">
      <Filter>源文件</Filter>
    </ClCompile>
    <ClCompile Include="LeetCode刷题\每日一题319灯泡开关（数论题，中等）.cpp">
      <Filter>源文件</Filter>
    </ClCompile>
    <ClCompile Include="机房预约系统\Manager.cpp">
      <Filter>源文件</Filter>
    </ClCompile>
    <ClCompile Include="机房预约系统\Student.cpp">
      <Filter>源文件</Filter>
    </ClCompile>
    <ClCompile Include="机房预约系统\Teacher.cpp">
      <Filter>源文件</Filter>
    </ClCompile>
    <ClCompile Include="机房预约系统\OrderFile.cpp">
      <Filter>源文件</Filter>
    </ClCompile>
    <ClCompile Include="LeetCode刷题\每日一题1005. K 次取反后最大化的数组和.cpp">
      <Filter>源文件</Filter>
    </ClCompile>
    <ClCompile Include="LeetCode刷题\每日一题372超级次方——快速降幂法.cpp">
      <Filter>源文件</Filter>
    </ClCompile>
    <ClCompile Include="LeetCode刷题\每日一题689三个无重叠子数组的最大和——三个滑动窗口同步进行.cpp">
      <Filter>源文件</Filter>
    </ClCompile>
    <ClCompile Include="LeetCode刷题\每日一题748最短补全词（初始化数组的四种方式）.cpp">
      <Filter>源文件</Filter>
    </ClCompile>
    <ClCompile Include="LeetCode刷题\每日一题911在线选举——哈希+二分法（中等）.cpp">
      <Filter>源文件</Filter>
    </ClCompile>
    <ClCompile Include="LeetCode刷题\每日一题709在排序数组中查找元素的第一个和最后一个位置——二分法（向下取整与向上取整）.cpp">
      <Filter>源文件</Filter>
    </ClCompile>
    <ClCompile Include="LeetCode刷题\每日一题807保持城市天际线（贪心+模拟）.cpp">
      <Filter>源文件</Filter>
    </ClCompile>
    <ClCompile Include="LeetCode刷题\每日一题630课程表III——经典贪心+lambda排序+优先队列大根堆.cpp">
      <Filter>源文件</Filter>
    </ClCompile>
    <ClCompile Include="LeetCode刷题\每日一题851喧闹与富有——DFS和拓扑排序.cpp">
      <Filter>源文件</Filter>
    </ClCompile>
    <ClCompile Include="LeetCode刷题\1610可见点的最大数目（困难——反正切函数+排序+双指针）.cpp">
      <Filter>源文件</Filter>
    </ClCompile>
    <ClCompile Include="LeetCode刷题\1518换酒问题（最多换多少瓶）.cpp">
      <Filter>源文件</Filter>
    </ClCompile>
    <ClCompile Include="LeetCode刷题\每日一题419甲板上的战舰.cpp">
      <Filter>源文件</Filter>
    </ClCompile>
    <ClCompile Include="LeetCode刷题\32最长有效括号——动态规划（困难，容易理解）.cpp">
      <Filter>源文件</Filter>
    </ClCompile>
    <ClCompile Include="LeetCode刷题\41缺失的第一个正数%28原地哈希——困难——容易理解%29.cpp">
      <Filter>源文件</Filter>
    </ClCompile>
    <ClCompile Include="LeetCode刷题\43字符串相乘.cpp">
      <Filter>源文件</Filter>
    </ClCompile>
    <ClCompile Include="LeetCode刷题\42接雨水——四种方法.cpp">
      <Filter>源文件</Filter>
    </ClCompile>
    <ClCompile Include="LeetCode刷题\416分割等和子集——动态规划——01背包问题.cpp">
      <Filter>源文件</Filter>
    </ClCompile>
    <ClCompile Include="LeetCode刷题\每日一题1609奇偶数（层序遍历或者BFS）.cpp">
      <Filter>源文件</Filter>
    </ClCompile>
    <ClCompile Include="LeetCode刷题\每日一题1078找字符串中第三个单词.cpp">
      <Filter>源文件</Filter>
    </ClCompile>
    <ClCompile Include="LeetCode刷题\单调栈——求区间最小数乘区间和的最大值.cpp">
      <Filter>源文件</Filter>
    </ClCompile>
    <ClCompile Include="LeetCode刷题\56合并区间——排序+双指针——中等.cpp">
      <Filter>源文件</Filter>
    </ClCompile>
    <ClCompile Include="LeetCode刷题\57插入区间.cpp">
      <Filter>源文件</Filter>
    </ClCompile>
  </ItemGroup>
  <ItemGroup>
    <ClInclude Include="哈希表myhash.h">
      <Filter>头文件</Filter>
    </ClInclude>
    <ClInclude Include="机房预约系统\ComputerRoom.h">
      <Filter>头文件</Filter>
    </ClInclude>
    <ClInclude Include="机房预约系统\GolbalFile.h">
      <Filter>头文件</Filter>
    </ClInclude>
    <ClInclude Include="机房预约系统\Identity.h">
      <Filter>头文件</Filter>
    </ClInclude>
    <ClInclude Include="机房预约系统\Manager.h">
      <Filter>头文件</Filter>
    </ClInclude>
    <ClInclude Include="机房预约系统\Student.h">
      <Filter>头文件</Filter>
    </ClInclude>
    <ClInclude Include="机房预约系统\Teacher.h">
      <Filter>头文件</Filter>
    </ClInclude>
    <ClInclude Include="机房预约系统\OrderFile.h">
      <Filter>头文件</Filter>
    </ClInclude>
  </ItemGroup>
  <ItemGroup>
    <Text Include="机房预约系统\computer.txt" />
    <Text Include="机房预约系统\manager.txt" />
    <Text Include="机房预约系统\order.txt" />
    <Text Include="机房预约系统\student.txt" />
    <Text Include="机房预约系统\teacher.txt" />
    <Text Include="机房预约系统\项目需求.txt" />
  </ItemGroup>
</Project>